
Microsoft Visual Studio Solution File, Format Version 12.00
# Visual Studio Version 17
VisualStudioVersion = 17.7.34031.279
MinimumVisualStudioVersion = 10.0.40219.1
Project("{FAE04EC0-301F-11D3-BF4B-00C04F79EFBC}") = "Wski_kvaser", "Wski_kvaser.csproj", "{90E9C2BC-109A-4422-848C-EC13C22FE66C}"
EndProject
Global
	GlobalSection(SolutionConfigurationPlatforms) = preSolution
		Debug|Any CPU = Debug|Any CPU
		Debug|x64 = Debug|x64
		Release|Any CPU = Release|Any CPU
		Release|x64 = Release|x64
	EndGlobalSection
	GlobalSection(ProjectConfigurationPlatforms) = postSolution
		{90E9C2BC-109A-4422-848C-EC13C22FE66C}.Debug|Any CPU.ActiveCfg = Debug|Any CPU
		{90E9C2BC-109A-4422-848C-EC13C22FE66C}.Debug|Any CPU.Build.0 = Debug|Any CPU
		{90E9C2BC-109A-4422-848C-EC13C22FE66C}.Debug|x64.ActiveCfg = Debug|x64
		{90E9C2BC-109A-4422-848C-EC13C22FE66C}.Debug|x64.Build.0 = Debug|x64
		{90E9C2BC-109A-4422-848C-EC13C22FE66C}.Release|Any CPU.ActiveCfg = Release|Any CPU
		{90E9C2BC-109A-4422-848C-EC13C22FE66C}.Release|Any CPU.Build.0 = Release|Any CPU
		{90E9C2BC-109A-4422-848C-EC13C22FE66C}.Release|x64.ActiveCfg = Release|x64
		{90E9C2BC-109A-4422-848C-EC13C22FE66C}.Release|x64.Build.0 = Release|x64
	EndGlobalSection
	GlobalSection(SolutionProperties) = preSolution
		HideSolutionNode = FALSE
	EndGlobalSection
	GlobalSection(ExtensibilityGlobals) = postSolution
		SolutionGuid = {5751D3CD-D6C9-4ABF-8FDF-5499AB7D3E30}
	EndGlobalSection
EndGlobal
